
Microsoft Visual Studio Solution File, Format Version 12.00
# Visual Studio Version 17
VisualStudioVersion = 17.4.33110.190
MinimumVisualStudioVersion = 10.0.40219.1
Project("{FAE04EC0-301F-11D3-BF4B-00C04F79EFBC}") = "ConnectFour", "ConnectFour\ConnectFour.csproj", "{62DE05F4-F813-42FD-A58A-FC96867BF409}"
EndProject
Global
	GlobalSection(SolutionConfigurationPlatforms) = preSolution
		Debug|Any CPU = Debug|Any CPU
		Release|Any CPU = Release|Any CPU
	EndGlobalSection
	GlobalSection(ProjectConfigurationPlatforms) = postSolution
		{62DE05F4-F813-42FD-A58A-FC96867BF409}.Debug|Any CPU.ActiveCfg = Debug|Any CPU
		{62DE05F4-F813-42FD-A58A-FC96867BF409}.Debug|Any CPU.Build.0 = Debug|Any CPU
		{62DE05F4-F813-42FD-A58A-FC96867BF409}.Release|Any CPU.ActiveCfg = Release|Any CPU
		{62DE05F4-F813-42FD-A58A-FC96867BF409}.Release|Any CPU.Build.0 = Release|Any CPU
	EndGlobalSection
	GlobalSection(SolutionProperties) = preSolution
		HideSolutionNode = FALSE
	EndGlobalSection
	GlobalSection(ExtensibilityGlobals) = postSolution
		SolutionGuid = {A5A088E4-9909-4E60-9E69-DE23590D28F0}
	EndGlobalSection
EndGlobal
